
Microsoft Visual Studio Solution File, Format Version 12.00
# Visual Studio Version 17
VisualStudioVersion = 17.13.35919.96
MinimumVisualStudioVersion = 10.0.40219.1
Project("{8BC9CEB8-8B4A-11D0-8D11-00A0C91BC942}") = "HelloWorld", "HelloWorld\HelloWorld.vcxproj", "{8838FBF7-06B4-4D81-9123-696FAD1179D4}"
EndProject
Project("{8BC9CEB8-8B4A-11D0-8D11-00A0C91BC942}") = "DataTypes", "DataTypes\DataTypes.vcxproj", "{9FB185B0-5122-4912-89AB-93DB31FED429}"
EndProject
Project("{8BC9CEB8-8B4A-11D0-8D11-00A0C91BC942}") = "UserDataTypes", "UserDataTypes\UserDataTypes.vcxproj", "{198F462A-67B4-4FB1-A3D7-385884D3B259}"
EndProject
Project("{8BC9CEB8-8B4A-11D0-8D11-00A0C91BC942}") = "NumberGuessingGame", "NumberGuessingGame\NumberGuessingGame.vcxproj", "{ADDD259A-C5BE-4D9B-956D-70A58DF40C68}"
EndProject
Project("{8BC9CEB8-8B4A-11D0-8D11-00A0C91BC942}") = "PayrollProgram", "PayrollProgram\PayrollProgram.vcxproj", "{F016E032-C8C0-4143-8813-C4E08521C973}"
EndProject
Project("{8BC9CEB8-8B4A-11D0-8D11-00A0C91BC942}") = "Memory", "Memory\Memory.vcxproj", "{19AB03D3-2061-4CEA-8C97-17B1D763211C}"
EndProject
Project("{8BC9CEB8-8B4A-11D0-8D11-00A0C91BC942}") = "ContainersExample", "Containers\Containers.vcxproj", "{09384979-302C-4D34-A22B-D175F819C7E8}"
EndProject
Project("{8BC9CEB8-8B4A-11D0-8D11-00A0C91BC942}") = "MemoryReview", "MemoryReview\MemoryReview.vcxproj", "{DF89FD8A-A7EF-443F-9520-C724CBEAEEAF}"
EndProject
Project("{8BC9CEB8-8B4A-11D0-8D11-00A0C91BC942}") = "container", "container\container.vcxproj", "{FB780E54-95CF-4252-94B7-7CDD70C473D6}"
EndProject
Project("{8BC9CEB8-8B4A-11D0-8D11-00A0C91BC942}") = "OOP", "OOP\OOP.vcxproj", "{5AF0091E-1802-48F7-A3C5-D488FF1C4B37}"
EndProject
Project("{8BC9CEB8-8B4A-11D0-8D11-00A0C91BC942}") = "Classes", "Classes\Classes.vcxproj", "{EE1A0C49-951E-4D2F-A0B1-B56892F8C74A}"
EndProject
Project("{8BC9CEB8-8B4A-11D0-8D11-00A0C91BC942}") = "Streams", "Streams\Streams.vcxproj", "{81E12FAF-C7A3-4E90-8493-8C18724BA805}"
EndProject
Project("{8BC9CEB8-8B4A-11D0-8D11-00A0C91BC942}") = "Fail", "ReFail\ReFail.vcxproj", "{17FCCD61-CF0B-4D4E-A83A-CE0D504059B7}"
EndProject
Project("{8BC9CEB8-8B4A-11D0-8D11-00A0C91BC942}") = "OperatorOverload", "OperatorOverload\OperatorOverload.vcxproj", "{E506ED06-16A6-427F-9940-F6AA453B21C9}"
EndProject
Project("{8BC9CEB8-8B4A-11D0-8D11-00A0C91BC942}") = "Template", "Template\Template.vcxproj", "{EEE79BC9-E1C4-468A-A024-B1DA9EA66B0E}"
EndProject
Project("{8BC9CEB8-8B4A-11D0-8D11-00A0C91BC942}") = "Fractions", "Fractions\Fractions.vcxproj", "{BEE0CCDB-5B18-4290-97FC-6898C66EE48F}"
EndProject
Project("{8BC9CEB8-8B4A-11D0-8D11-00A0C91BC942}") = "Pointer", "Pointer\Pointer.vcxproj", "{B8EC21BA-9DCB-447B-B662-62D8477CC922}"
EndProject
Global
	GlobalSection(SolutionConfigurationPlatforms) = preSolution
		Debug|x64 = Debug|x64
		Debug|x86 = Debug|x86
		Release|x64 = Release|x64
		Release|x86 = Release|x86
	EndGlobalSection
	GlobalSection(ProjectConfigurationPlatforms) = postSolution
		{8838FBF7-06B4-4D81-9123-696FAD1179D4}.Debug|x64.ActiveCfg = Debug|x64
		{8838FBF7-06B4-4D81-9123-696FAD1179D4}.Debug|x64.Build.0 = Debug|x64
		{8838FBF7-06B4-4D81-9123-696FAD1179D4}.Debug|x86.ActiveCfg = Debug|Win32
		{8838FBF7-06B4-4D81-9123-696FAD1179D4}.Debug|x86.Build.0 = Debug|Win32
		{8838FBF7-06B4-4D81-9123-696FAD1179D4}.Release|x64.ActiveCfg = Release|x64
		{8838FBF7-06B4-4D81-9123-696FAD1179D4}.Release|x64.Build.0 = Release|x64
		{8838FBF7-06B4-4D81-9123-696FAD1179D4}.Release|x86.ActiveCfg = Release|Win32
		{8838FBF7-06B4-4D81-9123-696FAD1179D4}.Release|x86.Build.0 = Release|Win32
		{9FB185B0-5122-4912-89AB-93DB31FED429}.Debug|x64.ActiveCfg = Debug|x64
		{9FB185B0-5122-4912-89AB-93DB31FED429}.Debug|x64.Build.0 = Debug|x64
		{9FB185B0-5122-4912-89AB-93DB31FED429}.Debug|x86.ActiveCfg = Debug|Win32
		{9FB185B0-5122-4912-89AB-93DB31FED429}.Debug|x86.Build.0 = Debug|Win32
		{9FB185B0-5122-4912-89AB-93DB31FED429}.Release|x64.ActiveCfg = Release|x64
		{9FB185B0-5122-4912-89AB-93DB31FED429}.Release|x64.Build.0 = Release|x64
		{9FB185B0-5122-4912-89AB-93DB31FED429}.Release|x86.ActiveCfg = Release|Win32
		{9FB185B0-5122-4912-89AB-93DB31FED429}.Release|x86.Build.0 = Release|Win32
		{198F462A-67B4-4FB1-A3D7-385884D3B259}.Debug|x64.ActiveCfg = Debug|x64
		{198F462A-67B4-4FB1-A3D7-385884D3B259}.Debug|x64.Build.0 = Debug|x64
		{198F462A-67B4-4FB1-A3D7-385884D3B259}.Debug|x86.ActiveCfg = Debug|Win32
		{198F462A-67B4-4FB1-A3D7-385884D3B259}.Debug|x86.Build.0 = Debug|Win32
		{198F462A-67B4-4FB1-A3D7-385884D3B259}.Release|x64.ActiveCfg = Release|x64
		{198F462A-67B4-4FB1-A3D7-385884D3B259}.Release|x64.Build.0 = Release|x64
		{198F462A-67B4-4FB1-A3D7-385884D3B259}.Release|x86.ActiveCfg = Release|Win32
		{198F462A-67B4-4FB1-A3D7-385884D3B259}.Release|x86.Build.0 = Release|Win32
		{ADDD259A-C5BE-4D9B-956D-70A58DF40C68}.Debug|x64.ActiveCfg = Debug|x64
		{ADDD259A-C5BE-4D9B-956D-70A58DF40C68}.Debug|x64.Build.0 = Debug|x64
		{ADDD259A-C5BE-4D9B-956D-70A58DF40C68}.Debug|x86.ActiveCfg = Debug|Win32
		{ADDD259A-C5BE-4D9B-956D-70A58DF40C68}.Debug|x86.Build.0 = Debug|Win32
		{ADDD259A-C5BE-4D9B-956D-70A58DF40C68}.Release|x64.ActiveCfg = Release|x64
		{ADDD259A-C5BE-4D9B-956D-70A58DF40C68}.Release|x64.Build.0 = Release|x64
		{ADDD259A-C5BE-4D9B-956D-70A58DF40C68}.Release|x86.ActiveCfg = Release|Win32
		{ADDD259A-C5BE-4D9B-956D-70A58DF40C68}.Release|x86.Build.0 = Release|Win32
		{F016E032-C8C0-4143-8813-C4E08521C973}.Debug|x64.ActiveCfg = Debug|x64
		{F016E032-C8C0-4143-8813-C4E08521C973}.Debug|x64.Build.0 = Debug|x64
		{F016E032-C8C0-4143-8813-C4E08521C973}.Debug|x86.ActiveCfg = Debug|Win32
		{F016E032-C8C0-4143-8813-C4E08521C973}.Debug|x86.Build.0 = Debug|Win32
		{F016E032-C8C0-4143-8813-C4E08521C973}.Release|x64.ActiveCfg = Release|x64
		{F016E032-C8C0-4143-8813-C4E08521C973}.Release|x64.Build.0 = Release|x64
		{F016E032-C8C0-4143-8813-C4E08521C973}.Release|x86.ActiveCfg = Release|Win32
		{F016E032-C8C0-4143-8813-C4E08521C973}.Release|x86.Build.0 = Release|Win32
		{19AB03D3-2061-4CEA-8C97-17B1D763211C}.Debug|x64.ActiveCfg = Debug|x64
		{19AB03D3-2061-4CEA-8C97-17B1D763211C}.Debug|x64.Build.0 = Debug|x64
		{19AB03D3-2061-4CEA-8C97-17B1D763211C}.Debug|x86.ActiveCfg = Debug|Win32
		{19AB03D3-2061-4CEA-8C97-17B1D763211C}.Debug|x86.Build.0 = Debug|Win32
		{19AB03D3-2061-4CEA-8C97-17B1D763211C}.Release|x64.ActiveCfg = Release|x64
		{19AB03D3-2061-4CEA-8C97-17B1D763211C}.Release|x64.Build.0 = Release|x64
		{19AB03D3-2061-4CEA-8C97-17B1D763211C}.Release|x86.ActiveCfg = Release|Win32
		{19AB03D3-2061-4CEA-8C97-17B1D763211C}.Release|x86.Build.0 = Release|Win32
		{09384979-302C-4D34-A22B-D175F819C7E8}.Debug|x64.ActiveCfg = Debug|x64
		{09384979-302C-4D34-A22B-D175F819C7E8}.Debug|x64.Build.0 = Debug|x64
		{09384979-302C-4D34-A22B-D175F819C7E8}.Debug|x86.ActiveCfg = Debug|Win32
		{09384979-302C-4D34-A22B-D175F819C7E8}.Debug|x86.Build.0 = Debug|Win32
		{09384979-302C-4D34-A22B-D175F819C7E8}.Release|x64.ActiveCfg = Release|x64
		{09384979-302C-4D34-A22B-D175F819C7E8}.Release|x64.Build.0 = Release|x64
		{09384979-302C-4D34-A22B-D175F819C7E8}.Release|x86.ActiveCfg = Release|Win32
		{09384979-302C-4D34-A22B-D175F819C7E8}.Release|x86.Build.0 = Release|Win32
		{DF89FD8A-A7EF-443F-9520-C724CBEAEEAF}.Debug|x64.ActiveCfg = Debug|x64
		{DF89FD8A-A7EF-443F-9520-C724CBEAEEAF}.Debug|x64.Build.0 = Debug|x64
		{DF89FD8A-A7EF-443F-9520-C724CBEAEEAF}.Debug|x86.ActiveCfg = Debug|Win32
		{DF89FD8A-A7EF-443F-9520-C724CBEAEEAF}.Debug|x86.Build.0 = Debug|Win32
		{DF89FD8A-A7EF-443F-9520-C724CBEAEEAF}.Release|x64.ActiveCfg = Release|x64
		{DF89FD8A-A7EF-443F-9520-C724CBEAEEAF}.Release|x64.Build.0 = Release|x64
		{DF89FD8A-A7EF-443F-9520-C724CBEAEEAF}.Release|x86.ActiveCfg = Release|Win32
		{DF89FD8A-A7EF-443F-9520-C724CBEAEEAF}.Release|x86.Build.0 = Release|Win32
		{FB780E54-95CF-4252-94B7-7CDD70C473D6}.Debug|x64.ActiveCfg = Debug|x64
		{FB780E54-95CF-4252-94B7-7CDD70C473D6}.Debug|x64.Build.0 = Debug|x64
		{FB780E54-95CF-4252-94B7-7CDD70C473D6}.Debug|x86.ActiveCfg = Debug|Win32
		{FB780E54-95CF-4252-94B7-7CDD70C473D6}.Debug|x86.Build.0 = Debug|Win32
		{FB780E54-95CF-4252-94B7-7CDD70C473D6}.Release|x64.ActiveCfg = Release|x64
		{FB780E54-95CF-4252-94B7-7CDD70C473D6}.Release|x64.Build.0 = Release|x64
		{FB780E54-95CF-4252-94B7-7CDD70C473D6}.Release|x86.ActiveCfg = Release|Win32
		{FB780E54-95CF-4252-94B7-7CDD70C473D6}.Release|x86.Build.0 = Release|Win32
		{5AF0091E-1802-48F7-A3C5-D488FF1C4B37}.Debug|x64.ActiveCfg = Debug|x64
		{5AF0091E-1802-48F7-A3C5-D488FF1C4B37}.Debug|x64.Build.0 = Debug|x64
		{5AF0091E-1802-48F7-A3C5-D488FF1C4B37}.Debug|x86.ActiveCfg = Debug|Win32
		{5AF0091E-1802-48F7-A3C5-D488FF1C4B37}.Debug|x86.Build.0 = Debug|Win32
		{5AF0091E-1802-48F7-A3C5-D488FF1C4B37}.Release|x64.ActiveCfg = Release|x64
		{5AF0091E-1802-48F7-A3C5-D488FF1C4B37}.Release|x64.Build.0 = Release|x64
		{5AF0091E-1802-48F7-A3C5-D488FF1C4B37}.Release|x86.ActiveCfg = Release|Win32
		{5AF0091E-1802-48F7-A3C5-D488FF1C4B37}.Release|x86.Build.0 = Release|Win32
		{EE1A0C49-951E-4D2F-A0B1-B56892F8C74A}.Debug|x64.ActiveCfg = Debug|x64
		{EE1A0C49-951E-4D2F-A0B1-B56892F8C74A}.Debug|x64.Build.0 = Debug|x64
		{EE1A0C49-951E-4D2F-A0B1-B56892F8C74A}.Debug|x86.ActiveCfg = Debug|Win32
		{EE1A0C49-951E-4D2F-A0B1-B56892F8C74A}.Debug|x86.Build.0 = Debug|Win32
		{EE1A0C49-951E-4D2F-A0B1-B56892F8C74A}.Release|x64.ActiveCfg = Release|x64
		{EE1A0C49-951E-4D2F-A0B1-B56892F8C74A}.Release|x64.Build.0 = Release|x64
		{EE1A0C49-951E-4D2F-A0B1-B56892F8C74A}.Release|x86.ActiveCfg = Release|Win32
		{EE1A0C49-951E-4D2F-A0B1-B56892F8C74A}.Release|x86.Build.0 = Release|Win32
		{81E12FAF-C7A3-4E90-8493-8C18724BA805}.Debug|x64.ActiveCfg = Debug|x64
		{81E12FAF-C7A3-4E90-8493-8C18724BA805}.Debug|x64.Build.0 = Debug|x64
		{81E12FAF-C7A3-4E90-8493-8C18724BA805}.Debug|x86.ActiveCfg = Debug|Win32
		{81E12FAF-C7A3-4E90-8493-8C18724BA805}.Debug|x86.Build.0 = Debug|Win32
		{81E12FAF-C7A3-4E90-8493-8C18724BA805}.Release|x64.ActiveCfg = Release|x64
		{81E12FAF-C7A3-4E90-8493-8C18724BA805}.Release|x64.Build.0 = Release|x64
		{81E12FAF-C7A3-4E90-8493-8C18724BA805}.Release|x86.ActiveCfg = Release|Win32
		{81E12FAF-C7A3-4E90-8493-8C18724BA805}.Release|x86.Build.0 = Release|Win32
		{17FCCD61-CF0B-4D4E-A83A-CE0D504059B7}.Debug|x64.ActiveCfg = Debug|x64
		{17FCCD61-CF0B-4D4E-A83A-CE0D504059B7}.Debug|x64.Build.0 = Debug|x64
		{17FCCD61-CF0B-4D4E-A83A-CE0D504059B7}.Debug|x86.ActiveCfg = Debug|Win32
		{17FCCD61-CF0B-4D4E-A83A-CE0D504059B7}.Debug|x86.Build.0 = Debug|Win32
		{17FCCD61-CF0B-4D4E-A83A-CE0D504059B7}.Release|x64.ActiveCfg = Release|x64
		{17FCCD61-CF0B-4D4E-A83A-CE0D504059B7}.Release|x64.Build.0 = Release|x64
		{17FCCD61-CF0B-4D4E-A83A-CE0D504059B7}.Release|x86.ActiveCfg = Release|Win32
		{17FCCD61-CF0B-4D4E-A83A-CE0D504059B7}.Release|x86.Build.0 = Release|Win32
		{E506ED06-16A6-427F-9940-F6AA453B21C9}.Debug|x64.ActiveCfg = Debug|x64
		{E506ED06-16A6-427F-9940-F6AA453B21C9}.Debug|x64.Build.0 = Debug|x64
		{E506ED06-16A6-427F-9940-F6AA453B21C9}.Debug|x86.ActiveCfg = Debug|Win32
		{E506ED06-16A6-427F-9940-F6AA453B21C9}.Debug|x86.Build.0 = Debug|Win32
		{E506ED06-16A6-427F-9940-F6AA453B21C9}.Release|x64.ActiveCfg = Release|x64
		{E506ED06-16A6-427F-9940-F6AA453B21C9}.Release|x64.Build.0 = Release|x64
		{E506ED06-16A6-427F-9940-F6AA453B21C9}.Release|x86.ActiveCfg = Release|Win32
		{E506ED06-16A6-427F-9940-F6AA453B21C9}.Release|x86.Build.0 = Release|Win32
		{EEE79BC9-E1C4-468A-A024-B1DA9EA66B0E}.Debug|x64.ActiveCfg = Debug|x64
		{EEE79BC9-E1C4-468A-A024-B1DA9EA66B0E}.Debug|x64.Build.0 = Debug|x64
		{EEE79BC9-E1C4-468A-A024-B1DA9EA66B0E}.Debug|x86.ActiveCfg = Debug|Win32
		{EEE79BC9-E1C4-468A-A024-B1DA9EA66B0E}.Debug|x86.Build.0 = Debug|Win32
		{EEE79BC9-E1C4-468A-A024-B1DA9EA66B0E}.Release|x64.ActiveCfg = Release|x64
		{EEE79BC9-E1C4-468A-A024-B1DA9EA66B0E}.Release|x64.Build.0 = Release|x64
		{EEE79BC9-E1C4-468A-A024-B1DA9EA66B0E}.Release|x86.ActiveCfg = Release|Win32
		{EEE79BC9-E1C4-468A-A024-B1DA9EA66B0E}.Release|x86.Build.0 = Release|Win32
		{BEE0CCDB-5B18-4290-97FC-6898C66EE48F}.Debug|x64.ActiveCfg = Debug|x64
		{BEE0CCDB-5B18-4290-97FC-6898C66EE48F}.Debug|x64.Build.0 = Debug|x64
		{BEE0CCDB-5B18-4290-97FC-6898C66EE48F}.Debug|x86.ActiveCfg = Debug|Win32
		{BEE0CCDB-5B18-4290-97FC-6898C66EE48F}.Debug|x86.Build.0 = Debug|Win32
		{BEE0CCDB-5B18-4290-97FC-6898C66EE48F}.Release|x64.ActiveCfg = Release|x64
		{BEE0CCDB-5B18-4290-97FC-6898C66EE48F}.Release|x64.Build.0 = Release|x64
		{BEE0CCDB-5B18-4290-97FC-6898C66EE48F}.Release|x86.ActiveCfg = Release|Win32
		{BEE0CCDB-5B18-4290-97FC-6898C66EE48F}.Release|x86.Build.0 = Release|Win32
		{B8EC21BA-9DCB-447B-B662-62D8477CC922}.Debug|x64.ActiveCfg = Debug|x64
		{B8EC21BA-9DCB-447B-B662-62D8477CC922}.Debug|x64.Build.0 = Debug|x64
		{B8EC21BA-9DCB-447B-B662-62D8477CC922}.Debug|x86.ActiveCfg = Debug|Win32
		{B8EC21BA-9DCB-447B-B662-62D8477CC922}.Debug|x86.Build.0 = Debug|Win32
		{B8EC21BA-9DCB-447B-B662-62D8477CC922}.Release|x64.ActiveCfg = Release|x64
		{B8EC21BA-9DCB-447B-B662-62D8477CC922}.Release|x64.Build.0 = Release|x64
		{B8EC21BA-9DCB-447B-B662-62D8477CC922}.Release|x86.ActiveCfg = Release|Win32
		{B8EC21BA-9DCB-447B-B662-62D8477CC922}.Release|x86.Build.0 = Release|Win32
	EndGlobalSection
	GlobalSection(SolutionProperties) = preSolution
		HideSolutionNode = FALSE
	EndGlobalSection
	GlobalSection(ExtensibilityGlobals) = postSolution
		SolutionGuid = {CE171112-2214-4AC8-98CA-0274A0C64CF8}
	EndGlobalSection
EndGlobal
